
Microsoft Visual Studio Solution File, Format Version 12.00
# Visual Studio Version 16
VisualStudioVersion = 16.0.30114.105
MinimumVisualStudioVersion = 10.0.40219.1
Project("{FAE04EC0-301F-11D3-BF4B-00C04F79EFBC}") = "R5T.NetStandard.IO.Types", "R5T.NetStandard.IO.Types\R5T.NetStandard.IO.Types.csproj", "{C286893D-7716-4D9C-ADFC-9391B78B9053}"
EndProject
Project("{FAE04EC0-301F-11D3-BF4B-00C04F79EFBC}") = "R5T.NetStandard.IO.Types_NuGet", "R5T.NetStandard.IO.Types\R5T.NetStandard.IO.Types_NuGet.csproj", "{91E1EE09-8130-4D02-A2C1-269D714793D5}"
EndProject
Project("{FAE04EC0-301F-11D3-BF4B-00C04F79EFBC}") = "R5T.NetStandard.IO.Types.Construction", "R5T.NetStandard.IO.Types.Construction\R5T.NetStandard.IO.Types.Construction.csproj", "{A494773C-8C6C-4D3F-9443-2BFA09FF6250}"
EndProject
Global
	GlobalSection(SolutionConfigurationPlatforms) = preSolution
		Debug|Any CPU = Debug|Any CPU
		Debug|x64 = Debug|x64
		Debug|x86 = Debug|x86
		Release|Any CPU = Release|Any CPU
		Release|x64 = Release|x64
		Release|x86 = Release|x86
	EndGlobalSection
	GlobalSection(SolutionProperties) = preSolution
		HideSolutionNode = FALSE
	EndGlobalSection
	GlobalSection(ProjectConfigurationPlatforms) = postSolution
		{C286893D-7716-4D9C-ADFC-9391B78B9053}.Debug|Any CPU.ActiveCfg = Debug|Any CPU
		{C286893D-7716-4D9C-ADFC-9391B78B9053}.Debug|Any CPU.Build.0 = Debug|Any CPU
		{C286893D-7716-4D9C-ADFC-9391B78B9053}.Debug|x64.ActiveCfg = Debug|Any CPU
		{C286893D-7716-4D9C-ADFC-9391B78B9053}.Debug|x64.Build.0 = Debug|Any CPU
		{C286893D-7716-4D9C-ADFC-9391B78B9053}.Debug|x86.ActiveCfg = Debug|Any CPU
		{C286893D-7716-4D9C-ADFC-9391B78B9053}.Debug|x86.Build.0 = Debug|Any CPU
		{C286893D-7716-4D9C-ADFC-9391B78B9053}.Release|Any CPU.ActiveCfg = Release|Any CPU
		{C286893D-7716-4D9C-ADFC-9391B78B9053}.Release|Any CPU.Build.0 = Release|Any CPU
		{C286893D-7716-4D9C-ADFC-9391B78B9053}.Release|x64.ActiveCfg = Release|Any CPU
		{C286893D-7716-4D9C-ADFC-9391B78B9053}.Release|x64.Build.0 = Release|Any CPU
		{C286893D-7716-4D9C-ADFC-9391B78B9053}.Release|x86.ActiveCfg = Release|Any CPU
		{C286893D-7716-4D9C-ADFC-9391B78B9053}.Release|x86.Build.0 = Release|Any CPU
		{91E1EE09-8130-4D02-A2C1-269D714793D5}.Debug|Any CPU.ActiveCfg = Debug|Any CPU
		{91E1EE09-8130-4D02-A2C1-269D714793D5}.Debug|Any CPU.Build.0 = Debug|Any CPU
		{91E1EE09-8130-4D02-A2C1-269D714793D5}.Debug|x64.ActiveCfg = Debug|Any CPU
		{91E1EE09-8130-4D02-A2C1-269D714793D5}.Debug|x64.Build.0 = Debug|Any CPU
		{91E1EE09-8130-4D02-A2C1-269D714793D5}.Debug|x86.ActiveCfg = Debug|Any CPU
		{91E1EE09-8130-4D02-A2C1-269D714793D5}.Debug|x86.Build.0 = Debug|Any CPU
		{91E1EE09-8130-4D02-A2C1-269D714793D5}.Release|Any CPU.ActiveCfg = Release|Any CPU
		{91E1EE09-8130-4D02-A2C1-269D714793D5}.Release|Any CPU.Build.0 = Release|Any CPU
		{91E1EE09-8130-4D02-A2C1-269D714793D5}.Release|x64.ActiveCfg = Release|Any CPU
		{91E1EE09-8130-4D02-A2C1-269D714793D5}.Release|x64.Build.0 = Release|Any CPU
		{91E1EE09-8130-4D02-A2C1-269D714793D5}.Release|x86.ActiveCfg = Release|Any CPU
		{91E1EE09-8130-4D02-A2C1-269D714793D5}.Release|x86.Build.0 = Release|Any CPU
		{A494773C-8C6C-4D3F-9443-2BFA09FF6250}.Debug|Any CPU.ActiveCfg = Debug|Any CPU
		{A494773C-8C6C-4D3F-9443-2BFA09FF6250}.Debug|Any CPU.Build.0 = Debug|Any CPU
		{A494773C-8C6C-4D3F-9443-2BFA09FF6250}.Debug|x64.ActiveCfg = Debug|Any CPU
		{A494773C-8C6C-4D3F-9443-2BFA09FF6250}.Debug|x64.Build.0 = Debug|Any CPU
		{A494773C-8C6C-4D3F-9443-2BFA09FF6250}.Debug|x86.ActiveCfg = Debug|Any CPU
		{A494773C-8C6C-4D3F-9443-2BFA09FF6250}.Debug|x86.Build.0 = Debug|Any CPU
		{A494773C-8C6C-4D3F-9443-2BFA09FF6250}.Release|Any CPU.ActiveCfg = Release|Any CPU
		{A494773C-8C6C-4D3F-9443-2BFA09FF6250}.Release|Any CPU.Build.0 = Release|Any CPU
		{A494773C-8C6C-4D3F-9443-2BFA09FF6250}.Release|x64.ActiveCfg = Release|Any CPU
		{A494773C-8C6C-4D3F-9443-2BFA09FF6250}.Release|x64.Build.0 = Release|Any CPU
		{A494773C-8C6C-4D3F-9443-2BFA09FF6250}.Release|x86.ActiveCfg = Release|Any CPU
		{A494773C-8C6C-4D3F-9443-2BFA09FF6250}.Release|x86.Build.0 = Release|Any CPU
	EndGlobalSection
EndGlobal
